
Microsoft Visual Studio Solution File, Format Version 12.00
# Visual Studio 15
VisualStudioVersion = 15.0.28307.1000
MinimumVisualStudioVersion = 10.0.40219.1
Project("{8BC9CEB8-8B4A-11D0-8D11-00A0C91BC942}") = "MergeSort", "MergeSort\MergeSort.vcxproj", "{FA9E415A-776F-460D-9667-C3A916165A1E}"
EndProject
Global
	GlobalSection(SolutionConfigurationPlatforms) = preSolution
		Debug|x64 = Debug|x64
		Debug|x86 = Debug|x86
		Release|x64 = Release|x64
		Release|x86 = Release|x86
	EndGlobalSection
	GlobalSection(ProjectConfigurationPlatforms) = postSolution
		{FA9E415A-776F-460D-9667-C3A916165A1E}.Debug|x64.ActiveCfg = Debug|x64
		{FA9E415A-776F-460D-9667-C3A916165A1E}.Debug|x64.Build.0 = Debug|x64
		{FA9E415A-776F-460D-9667-C3A916165A1E}.Debug|x86.ActiveCfg = Debug|Win32
		{FA9E415A-776F-460D-9667-C3A916165A1E}.Debug|x86.Build.0 = Debug|Win32
		{FA9E415A-776F-460D-9667-C3A916165A1E}.Release|x64.ActiveCfg = Release|x64
		{FA9E415A-776F-460D-9667-C3A916165A1E}.Release|x64.Build.0 = Release|x64
		{FA9E415A-776F-460D-9667-C3A916165A1E}.Release|x86.ActiveCfg = Release|Win32
		{FA9E415A-776F-460D-9667-C3A916165A1E}.Release|x86.Build.0 = Release|Win32
	EndGlobalSection
	GlobalSection(SolutionProperties) = preSolution
		HideSolutionNode = FALSE
	EndGlobalSection
	GlobalSection(ExtensibilityGlobals) = postSolution
		SolutionGuid = {93C91F1A-9FAD-48E0-9E45-83EE1C7D0B5E}
	EndGlobalSection
EndGlobal
