
Microsoft Visual Studio Solution File, Format Version 12.00
# Visual Studio 15
VisualStudioVersion = 15.0.28307.1000
MinimumVisualStudioVersion = 10.0.40219.1
Project("{8BC9CEB8-8B4A-11D0-8D11-00A0C91BC942}") = "ProblemaFill", "ProblemaFill\ProblemaFill.vcxproj", "{D29DEF45-6279-4DF6-B70A-19E67E88E608}"
EndProject
Global
	GlobalSection(SolutionConfigurationPlatforms) = preSolution
		Debug|x64 = Debug|x64
		Debug|x86 = Debug|x86
		Release|x64 = Release|x64
		Release|x86 = Release|x86
	EndGlobalSection
	GlobalSection(ProjectConfigurationPlatforms) = postSolution
		{D29DEF45-6279-4DF6-B70A-19E67E88E608}.Debug|x64.ActiveCfg = Debug|x64
		{D29DEF45-6279-4DF6-B70A-19E67E88E608}.Debug|x64.Build.0 = Debug|x64
		{D29DEF45-6279-4DF6-B70A-19E67E88E608}.Debug|x86.ActiveCfg = Debug|Win32
		{D29DEF45-6279-4DF6-B70A-19E67E88E608}.Debug|x86.Build.0 = Debug|Win32
		{D29DEF45-6279-4DF6-B70A-19E67E88E608}.Release|x64.ActiveCfg = Release|x64
		{D29DEF45-6279-4DF6-B70A-19E67E88E608}.Release|x64.Build.0 = Release|x64
		{D29DEF45-6279-4DF6-B70A-19E67E88E608}.Release|x86.ActiveCfg = Release|Win32
		{D29DEF45-6279-4DF6-B70A-19E67E88E608}.Release|x86.Build.0 = Release|Win32
	EndGlobalSection
	GlobalSection(SolutionProperties) = preSolution
		HideSolutionNode = FALSE
	EndGlobalSection
	GlobalSection(ExtensibilityGlobals) = postSolution
		SolutionGuid = {8600DD54-4F3B-4630-9D01-A66DDB4DA227}
	EndGlobalSection
EndGlobal
