
Microsoft Visual Studio Solution File, Format Version 12.00
# Visual Studio 15
VisualStudioVersion = 15.0.28307.1000
MinimumVisualStudioVersion = 10.0.40219.1
Project("{8BC9CEB8-8B4A-11D0-8D11-00A0C91BC942}") = "SumaCifrelor", "SumaCifrelor\SumaCifrelor.vcxproj", "{F097EC8D-1864-47BA-A2D0-0D9C77B60FF7}"
EndProject
Global
	GlobalSection(SolutionConfigurationPlatforms) = preSolution
		Debug|x64 = Debug|x64
		Debug|x86 = Debug|x86
		Release|x64 = Release|x64
		Release|x86 = Release|x86
	EndGlobalSection
	GlobalSection(ProjectConfigurationPlatforms) = postSolution
		{F097EC8D-1864-47BA-A2D0-0D9C77B60FF7}.Debug|x64.ActiveCfg = Debug|x64
		{F097EC8D-1864-47BA-A2D0-0D9C77B60FF7}.Debug|x64.Build.0 = Debug|x64
		{F097EC8D-1864-47BA-A2D0-0D9C77B60FF7}.Debug|x86.ActiveCfg = Debug|Win32
		{F097EC8D-1864-47BA-A2D0-0D9C77B60FF7}.Debug|x86.Build.0 = Debug|Win32
		{F097EC8D-1864-47BA-A2D0-0D9C77B60FF7}.Release|x64.ActiveCfg = Release|x64
		{F097EC8D-1864-47BA-A2D0-0D9C77B60FF7}.Release|x64.Build.0 = Release|x64
		{F097EC8D-1864-47BA-A2D0-0D9C77B60FF7}.Release|x86.ActiveCfg = Release|Win32
		{F097EC8D-1864-47BA-A2D0-0D9C77B60FF7}.Release|x86.Build.0 = Release|Win32
	EndGlobalSection
	GlobalSection(SolutionProperties) = preSolution
		HideSolutionNode = FALSE
	EndGlobalSection
	GlobalSection(ExtensibilityGlobals) = postSolution
		SolutionGuid = {99C5B457-2BF1-4A91-8773-D36CE013A4BE}
	EndGlobalSection
EndGlobal
