
Microsoft Visual Studio Solution File, Format Version 12.00
# Visual Studio Version 16
VisualStudioVersion = 16.0.30011.22
MinimumVisualStudioVersion = 10.0.40219.1
Project("{8BC9CEB8-8B4A-11D0-8D11-00A0C91BC942}") = "hanoiTowers", "hanoiTowers\hanoiTowers.vcxproj", "{F8F8BF49-B114-470E-A115-B3F03C052CBE}"
EndProject
Global
	GlobalSection(SolutionConfigurationPlatforms) = preSolution
		Debug|x64 = Debug|x64
		Debug|x86 = Debug|x86
		Release|x64 = Release|x64
		Release|x86 = Release|x86
	EndGlobalSection
	GlobalSection(ProjectConfigurationPlatforms) = postSolution
		{F8F8BF49-B114-470E-A115-B3F03C052CBE}.Debug|x64.ActiveCfg = Debug|x64
		{F8F8BF49-B114-470E-A115-B3F03C052CBE}.Debug|x64.Build.0 = Debug|x64
		{F8F8BF49-B114-470E-A115-B3F03C052CBE}.Debug|x86.ActiveCfg = Debug|Win32
		{F8F8BF49-B114-470E-A115-B3F03C052CBE}.Debug|x86.Build.0 = Debug|Win32
		{F8F8BF49-B114-470E-A115-B3F03C052CBE}.Release|x64.ActiveCfg = Release|x64
		{F8F8BF49-B114-470E-A115-B3F03C052CBE}.Release|x64.Build.0 = Release|x64
		{F8F8BF49-B114-470E-A115-B3F03C052CBE}.Release|x86.ActiveCfg = Release|Win32
		{F8F8BF49-B114-470E-A115-B3F03C052CBE}.Release|x86.Build.0 = Release|Win32
	EndGlobalSection
	GlobalSection(SolutionProperties) = preSolution
		HideSolutionNode = FALSE
	EndGlobalSection
	GlobalSection(ExtensibilityGlobals) = postSolution
		SolutionGuid = {CB7540A8-17B0-44E9-8C14-E296840DEBFE}
	EndGlobalSection
EndGlobal
